
Microsoft Visual Studio Solution File, Format Version 12.00
# Visual Studio Version 16
VisualStudioVersion = 16.0.32126.315
MinimumVisualStudioVersion = 10.0.40219.1
Project("{FAE04EC0-301F-11D3-BF4B-00C04F79EFBC}") = "Task1", "Task1.csproj", "{73F47E58-785F-4D0F-BABF-F071588DB93A}"
EndProject
Global
	GlobalSection(SolutionConfigurationPlatforms) = preSolution
		Debug|Any CPU = Debug|Any CPU
		Release|Any CPU = Release|Any CPU
	EndGlobalSection
	GlobalSection(ProjectConfigurationPlatforms) = postSolution
		{73F47E58-785F-4D0F-BABF-F071588DB93A}.Debug|Any CPU.ActiveCfg = Debug|Any CPU
		{73F47E58-785F-4D0F-BABF-F071588DB93A}.Debug|Any CPU.Build.0 = Debug|Any CPU
		{73F47E58-785F-4D0F-BABF-F071588DB93A}.Release|Any CPU.ActiveCfg = Release|Any CPU
		{73F47E58-785F-4D0F-BABF-F071588DB93A}.Release|Any CPU.Build.0 = Release|Any CPU
	EndGlobalSection
	GlobalSection(SolutionProperties) = preSolution
		HideSolutionNode = FALSE
	EndGlobalSection
	GlobalSection(ExtensibilityGlobals) = postSolution
		SolutionGuid = {699A993A-66CC-4229-8904-FC6FF01B600E}
	EndGlobalSection
EndGlobal
